
Microsoft Visual Studio Solution File, Format Version 12.00
# Visual Studio Version 17
VisualStudioVersion = 17.9.34902.65
MinimumVisualStudioVersion = 10.0.40219.1
Project("{9A19103F-16F7-4668-BE54-9A1E7A4F7556}") = "CrimsonQuest", "CrimsonQuest.csproj", "{05E5432F-3E90-4ECF-9D61-FC747B976862}"
EndProject
Global
	GlobalSection(SolutionConfigurationPlatforms) = preSolution
		Debug|Any CPU = Debug|Any CPU
		Release|Any CPU = Release|Any CPU
	EndGlobalSection
	GlobalSection(ProjectConfigurationPlatforms) = postSolution
		{05E5432F-3E90-4ECF-9D61-FC747B976862}.Debug|Any CPU.ActiveCfg = Debug|Any CPU
		{05E5432F-3E90-4ECF-9D61-FC747B976862}.Debug|Any CPU.Build.0 = Debug|Any CPU
		{05E5432F-3E90-4ECF-9D61-FC747B976862}.Release|Any CPU.ActiveCfg = Release|Any CPU
		{05E5432F-3E90-4ECF-9D61-FC747B976862}.Release|Any CPU.Build.0 = Release|Any CPU
	EndGlobalSection
	GlobalSection(SolutionProperties) = preSolution
		HideSolutionNode = FALSE
	EndGlobalSection
	GlobalSection(ExtensibilityGlobals) = postSolution
		SolutionGuid = {CB91A7AC-6C75-4C65-B60A-B4E6C2447814}
	EndGlobalSection
EndGlobal
